
Microsoft Visual Studio Solution File, Format Version 12.00
# Visual Studio 2012
Project("{FAE04EC0-301F-11D3-BF4B-00C04F79EFBC}") = "Demo", "Demo\Demo.csproj", "{2E8DF880-97AE-49E0-9604-EEA08B555155}"
EndProject
Project("{FAE04EC0-301F-11D3-BF4B-00C04F79EFBC}") = "Demo.iOS", "iOS\Demo.iOS.csproj", "{8AD2D8CE-B5DF-4F01-AA32-9EA887F3B285}"
EndProject
Project("{FAE04EC0-301F-11D3-BF4B-00C04F79EFBC}") = "Demo.Droid", "Droid\Demo.Droid.csproj", "{60897875-6F0C-4828-9274-B78EAB4EF5D9}"
EndProject
Global
	GlobalSection(SolutionConfigurationPlatforms) = preSolution
		Debug|Any CPU = Debug|Any CPU
		Release|Any CPU = Release|Any CPU
		Debug|iPhoneSimulator = Debug|iPhoneSimulator
		Release|iPhone = Release|iPhone
		Release|iPhoneSimulator = Release|iPhoneSimulator
		Debug|iPhone = Debug|iPhone
	EndGlobalSection
	GlobalSection(ProjectConfigurationPlatforms) = postSolution
		{2E8DF880-97AE-49E0-9604-EEA08B555155}.Debug|Any CPU.ActiveCfg = Debug|Any CPU
		{2E8DF880-97AE-49E0-9604-EEA08B555155}.Debug|Any CPU.Build.0 = Debug|Any CPU
		{2E8DF880-97AE-49E0-9604-EEA08B555155}.Release|Any CPU.ActiveCfg = Release|Any CPU
		{2E8DF880-97AE-49E0-9604-EEA08B555155}.Release|Any CPU.Build.0 = Release|Any CPU
		{2E8DF880-97AE-49E0-9604-EEA08B555155}.Debug|iPhoneSimulator.ActiveCfg = Debug|Any CPU
		{2E8DF880-97AE-49E0-9604-EEA08B555155}.Debug|iPhoneSimulator.Build.0 = Debug|Any CPU
		{2E8DF880-97AE-49E0-9604-EEA08B555155}.Release|iPhone.ActiveCfg = Release|Any CPU
		{2E8DF880-97AE-49E0-9604-EEA08B555155}.Release|iPhone.Build.0 = Release|Any CPU
		{2E8DF880-97AE-49E0-9604-EEA08B555155}.Release|iPhoneSimulator.ActiveCfg = Release|Any CPU
		{2E8DF880-97AE-49E0-9604-EEA08B555155}.Release|iPhoneSimulator.Build.0 = Release|Any CPU
		{2E8DF880-97AE-49E0-9604-EEA08B555155}.Debug|iPhone.ActiveCfg = Debug|Any CPU
		{2E8DF880-97AE-49E0-9604-EEA08B555155}.Debug|iPhone.Build.0 = Debug|Any CPU
		{8AD2D8CE-B5DF-4F01-AA32-9EA887F3B285}.Debug|Any CPU.ActiveCfg = Debug|iPhoneSimulator
		{8AD2D8CE-B5DF-4F01-AA32-9EA887F3B285}.Debug|Any CPU.Build.0 = Debug|iPhoneSimulator
		{8AD2D8CE-B5DF-4F01-AA32-9EA887F3B285}.Release|Any CPU.ActiveCfg = Release|iPhone
		{8AD2D8CE-B5DF-4F01-AA32-9EA887F3B285}.Release|Any CPU.Build.0 = Release|iPhone
		{8AD2D8CE-B5DF-4F01-AA32-9EA887F3B285}.Debug|iPhoneSimulator.ActiveCfg = Debug|iPhoneSimulator
		{8AD2D8CE-B5DF-4F01-AA32-9EA887F3B285}.Debug|iPhoneSimulator.Build.0 = Debug|iPhoneSimulator
		{8AD2D8CE-B5DF-4F01-AA32-9EA887F3B285}.Release|iPhone.ActiveCfg = Release|iPhone
		{8AD2D8CE-B5DF-4F01-AA32-9EA887F3B285}.Release|iPhone.Build.0 = Release|iPhone
		{8AD2D8CE-B5DF-4F01-AA32-9EA887F3B285}.Release|iPhoneSimulator.ActiveCfg = Release|iPhoneSimulator
		{8AD2D8CE-B5DF-4F01-AA32-9EA887F3B285}.Release|iPhoneSimulator.Build.0 = Release|iPhoneSimulator
		{8AD2D8CE-B5DF-4F01-AA32-9EA887F3B285}.Debug|iPhone.ActiveCfg = Debug|iPhone
		{8AD2D8CE-B5DF-4F01-AA32-9EA887F3B285}.Debug|iPhone.Build.0 = Debug|iPhone
		{60897875-6F0C-4828-9274-B78EAB4EF5D9}.Debug|Any CPU.ActiveCfg = Debug|Any CPU
		{60897875-6F0C-4828-9274-B78EAB4EF5D9}.Debug|Any CPU.Build.0 = Debug|Any CPU
		{60897875-6F0C-4828-9274-B78EAB4EF5D9}.Release|Any CPU.ActiveCfg = Release|Any CPU
		{60897875-6F0C-4828-9274-B78EAB4EF5D9}.Release|Any CPU.Build.0 = Release|Any CPU
		{60897875-6F0C-4828-9274-B78EAB4EF5D9}.Debug|iPhoneSimulator.ActiveCfg = Debug|Any CPU
		{60897875-6F0C-4828-9274-B78EAB4EF5D9}.Debug|iPhoneSimulator.Build.0 = Debug|Any CPU
		{60897875-6F0C-4828-9274-B78EAB4EF5D9}.Release|iPhone.ActiveCfg = Release|Any CPU
		{60897875-6F0C-4828-9274-B78EAB4EF5D9}.Release|iPhone.Build.0 = Release|Any CPU
		{60897875-6F0C-4828-9274-B78EAB4EF5D9}.Release|iPhoneSimulator.ActiveCfg = Release|Any CPU
		{60897875-6F0C-4828-9274-B78EAB4EF5D9}.Release|iPhoneSimulator.Build.0 = Release|Any CPU
		{60897875-6F0C-4828-9274-B78EAB4EF5D9}.Debug|iPhone.ActiveCfg = Debug|Any CPU
		{60897875-6F0C-4828-9274-B78EAB4EF5D9}.Debug|iPhone.Build.0 = Debug|Any CPU
	EndGlobalSection
EndGlobal
